
Microsoft Visual Studio Solution File, Format Version 12.00
# Visual Studio Version 17
VisualStudioVersion = 17.1.32414.318
MinimumVisualStudioVersion = 10.0.40219.1
Project("{FAE04EC0-301F-11D3-BF4B-00C04F79EFBC}") = "Homework2", "Homework2\Homework2.csproj", "{B29E2667-9544-42FC-A841-12D0D79F9BA9}"
EndProject
Global
	GlobalSection(SolutionConfigurationPlatforms) = preSolution
		Debug|Any CPU = Debug|Any CPU
		Release|Any CPU = Release|Any CPU
	EndGlobalSection
	GlobalSection(ProjectConfigurationPlatforms) = postSolution
		{B29E2667-9544-42FC-A841-12D0D79F9BA9}.Debug|Any CPU.ActiveCfg = Debug|Any CPU
		{B29E2667-9544-42FC-A841-12D0D79F9BA9}.Debug|Any CPU.Build.0 = Debug|Any CPU
		{B29E2667-9544-42FC-A841-12D0D79F9BA9}.Release|Any CPU.ActiveCfg = Release|Any CPU
		{B29E2667-9544-42FC-A841-12D0D79F9BA9}.Release|Any CPU.Build.0 = Release|Any CPU
	EndGlobalSection
	GlobalSection(SolutionProperties) = preSolution
		HideSolutionNode = FALSE
	EndGlobalSection
	GlobalSection(ExtensibilityGlobals) = postSolution
		SolutionGuid = {F102FC9F-F348-4F46-974A-32E21D3EC705}
	EndGlobalSection
EndGlobal
